
Microsoft Visual Studio Solution File, Format Version 12.00
Project("{FAE04EC0-301F-11D3-BF4B-00C04F79EFBC}") = "WeatherApp", "WeatherApp\WeatherApp.csproj", "{601D491B-432A-49BA-B09B-9EA91E7C4FFB}"
EndProject
Project("{FAE04EC0-301F-11D3-BF4B-00C04F79EFBC}") = "WeatherApp.Data", "WeatherApp.Data\WeatherApp.Data.csproj", "{FA9A8B7F-7E26-43DB-A862-6086BDCC8F01}"
EndProject
Global
	GlobalSection(SolutionConfigurationPlatforms) = preSolution
		Debug|Any CPU = Debug|Any CPU
		Release|Any CPU = Release|Any CPU
	EndGlobalSection
	GlobalSection(ProjectConfigurationPlatforms) = postSolution
		{601D491B-432A-49BA-B09B-9EA91E7C4FFB}.Debug|Any CPU.ActiveCfg = Debug|Any CPU
		{601D491B-432A-49BA-B09B-9EA91E7C4FFB}.Debug|Any CPU.Build.0 = Debug|Any CPU
		{601D491B-432A-49BA-B09B-9EA91E7C4FFB}.Release|Any CPU.ActiveCfg = Release|Any CPU
		{601D491B-432A-49BA-B09B-9EA91E7C4FFB}.Release|Any CPU.Build.0 = Release|Any CPU
		{FA9A8B7F-7E26-43DB-A862-6086BDCC8F01}.Debug|Any CPU.ActiveCfg = Debug|Any CPU
		{FA9A8B7F-7E26-43DB-A862-6086BDCC8F01}.Debug|Any CPU.Build.0 = Debug|Any CPU
		{FA9A8B7F-7E26-43DB-A862-6086BDCC8F01}.Release|Any CPU.ActiveCfg = Release|Any CPU
		{FA9A8B7F-7E26-43DB-A862-6086BDCC8F01}.Release|Any CPU.Build.0 = Release|Any CPU
	EndGlobalSection
EndGlobal
